
Microsoft Visual Studio Solution File, Format Version 12.00
# Visual Studio Version 16
VisualStudioVersion = 16.0.29009.5
MinimumVisualStudioVersion = 10.0.40219.1
Project("{FAE04EC0-301F-11D3-BF4B-00C04F79EFBC}") = "Phasmophobia Mod", "Phasmophobia Mod\Phasmophobia Mod.csproj", "{1FA9B04B-5E1D-408F-B107-95BE8E8F09D9}"
EndProject
Global
	GlobalSection(SolutionConfigurationPlatforms) = preSolution
		Debug|Any CPU = Debug|Any CPU
		Release|Any CPU = Release|Any CPU
	EndGlobalSection
	GlobalSection(ProjectConfigurationPlatforms) = postSolution
		{1FA9B04B-5E1D-408F-B107-95BE8E8F09D9}.Debug|Any CPU.ActiveCfg = Debug|Any CPU
		{1FA9B04B-5E1D-408F-B107-95BE8E8F09D9}.Debug|Any CPU.Build.0 = Debug|Any CPU
		{1FA9B04B-5E1D-408F-B107-95BE8E8F09D9}.Release|Any CPU.ActiveCfg = Release|Any CPU
		{1FA9B04B-5E1D-408F-B107-95BE8E8F09D9}.Release|Any CPU.Build.0 = Release|Any CPU
	EndGlobalSection
	GlobalSection(SolutionProperties) = preSolution
		HideSolutionNode = FALSE
	EndGlobalSection
	GlobalSection(ExtensibilityGlobals) = postSolution
		SolutionGuid = {CDFBE4E2-68C1-4566-934E-BA9A92424F67}
	EndGlobalSection
EndGlobal
